
Microsoft Visual Studio Solution File, Format Version 12.00
# Visual Studio Version 16
VisualStudioVersion = 16.0.29424.173
MinimumVisualStudioVersion = 10.0.40219.1
Project("{FAE04EC0-301F-11D3-BF4B-00C04F79EFBC}") = "Tutorial2", "Tutorial2.csproj", "{517BC5CF-043E-4A59-B9B5-F676D4829D52}"
EndProject
Global
	GlobalSection(SolutionConfigurationPlatforms) = preSolution
		Debug|Any CPU = Debug|Any CPU
		Release|Any CPU = Release|Any CPU
	EndGlobalSection
	GlobalSection(ProjectConfigurationPlatforms) = postSolution
		{517BC5CF-043E-4A59-B9B5-F676D4829D52}.Debug|Any CPU.ActiveCfg = Debug|Any CPU
		{517BC5CF-043E-4A59-B9B5-F676D4829D52}.Debug|Any CPU.Build.0 = Debug|Any CPU
		{517BC5CF-043E-4A59-B9B5-F676D4829D52}.Release|Any CPU.ActiveCfg = Release|Any CPU
		{517BC5CF-043E-4A59-B9B5-F676D4829D52}.Release|Any CPU.Build.0 = Release|Any CPU
	EndGlobalSection
	GlobalSection(SolutionProperties) = preSolution
		HideSolutionNode = FALSE
	EndGlobalSection
	GlobalSection(ExtensibilityGlobals) = postSolution
		SolutionGuid = {5E1CFC6E-BE9B-4543-B801-F8DD406D617B}
	EndGlobalSection
EndGlobal
